// !$*UTF8*$!
{
	archiveVersion = 1;
	classes = {
	};
	objectVersion = 55;
	objects = {

/* Begin PBXBuildFile section */
		E32CF5572793FACD002DDBC0 /* Defaults in Frameworks */ = {isa = PBXBuildFile; productRef = E32CF5562793FACD002DDBC0 /* Defaults */; };
		E38D432F263AAE8500701B82 /* SettingsScreen.swift in Sources */ = {isa = PBXBuildFile; fileRef = E38D432E263AAE8500701B82 /* SettingsScreen.swift */; };
		E38D4331263AAEA900701B82 /* Constants.swift in Sources */ = {isa = PBXBuildFile; fileRef = E38D4330263AAEA900701B82 /* Constants.swift */; };
		E38D4333263AB24E00701B82 /* Utilities.swift in Sources */ = {isa = PBXBuildFile; fileRef = E38D4332263AB24E00701B82 /* Utilities.swift */; };
		E38D4335263AEE3700701B82 /* ColorPickerScreen.swift in Sources */ = {isa = PBXBuildFile; fileRef = E38D4334263AEE3700701B82 /* ColorPickerScreen.swift */; };
		E390D734263B3C71005FCB34 /* AppState.swift in Sources */ = {isa = PBXBuildFile; fileRef = E390D733263B3C71005FCB34 /* AppState.swift */; };
		E390D736263C6ACD005FCB34 /* ColorPanel.swift in Sources */ = {isa = PBXBuildFile; fileRef = E390D735263C6ACD005FCB34 /* ColorPanel.swift */; };
		E390D738263C74C2005FCB34 /* WelcomeScreen.swift in Sources */ = {isa = PBXBuildFile; fileRef = E390D737263C74C2005FCB34 /* WelcomeScreen.swift */; };
		E394C2F62642BE4C006B51CF /* InternetAccessPolicy.json in Resources */ = {isa = PBXBuildFile; fileRef = E394C2F52642BE4C006B51CF /* InternetAccessPolicy.json */; };
		E394DAAB263D73AD00F5B042 /* Regex in Frameworks */ = {isa = PBXBuildFile; productRef = E394DAAA263D73AD00F5B042 /* Regex */; };
		E394DAAE263E95D900F5B042 /* LaunchAtLogin in Frameworks */ = {isa = PBXBuildFile; productRef = E394DAAD263E95D900F5B042 /* LaunchAtLogin */; };
		E394DAB2263E965500F5B042 /* KeyboardShortcuts in Frameworks */ = {isa = PBXBuildFile; productRef = E394DAB1263E965500F5B042 /* KeyboardShortcuts */; };
		E3A3B11D25904E7B001B4D0C /* App.swift in Sources */ = {isa = PBXBuildFile; fileRef = E3A3B11C25904E7B001B4D0C /* App.swift */; };
		E3A3B12125904E7D001B4D0C /* Assets.xcassets in Resources */ = {isa = PBXBuildFile; fileRef = E3A3B12025904E7D001B4D0C /* Assets.xcassets */; };
		E3DFA8C92662514800D2623E /* Events.swift in Sources */ = {isa = PBXBuildFile; fileRef = E3DFA8C82662514800D2623E /* Events.swift */; };
		E3E7D79B27218903009D71F4 /* Intents.framework in Frameworks */ = {isa = PBXBuildFile; fileRef = E3E7D79A27218903009D71F4 /* Intents.framework */; platformFilter = maccatalyst; };
		E3E7D79E27218903009D71F4 /* IntentHandler.swift in Sources */ = {isa = PBXBuildFile; fileRef = E3E7D79D27218903009D71F4 /* IntentHandler.swift */; };
		E3E7D7A227218903009D71F4 /* IntentsExtension.appex in Embed App Extensions */ = {isa = PBXBuildFile; fileRef = E3E7D79927218903009D71F4 /* IntentsExtension.appex */; settings = {ATTRIBUTES = (RemoveHeadersOnCopy, ); }; };
		E3E7D7A927218959009D71F4 /* Intents.intentdefinition in Sources */ = {isa = PBXBuildFile; fileRef = E3E7D7A827218959009D71F4 /* Intents.intentdefinition */; };
		E3E7D7AA27218959009D71F4 /* Intents.intentdefinition in Sources */ = {isa = PBXBuildFile; fileRef = E3E7D7A827218959009D71F4 /* Intents.intentdefinition */; };
		E3E7D7AC27218C03009D71F4 /* Utilities.swift in Sources */ = {isa = PBXBuildFile; fileRef = E38D4332263AB24E00701B82 /* Utilities.swift */; };
		E3E7D7AE27218C8A009D71F4 /* Regex in Frameworks */ = {isa = PBXBuildFile; productRef = E3E7D7AD27218C8A009D71F4 /* Regex */; };
		E3F4BC872788A5780075DC52 /* Sentry in Frameworks */ = {isa = PBXBuildFile; productRef = E3F4BC862788A5780075DC52 /* Sentry */; };
		E3F4BC892788A64F0075DC52 /* Defaults in Frameworks */ = {isa = PBXBuildFile; productRef = E3F4BC882788A64F0075DC52 /* Defaults */; };
/* End PBXBuildFile section */

/* Begin PBXContainerItemProxy section */
		E3E7D7A027218903009D71F4 /* PBXContainerItemProxy */ = {
			isa = PBXContainerItemProxy;
			containerPortal = E3A3B11125904E7B001B4D0C /* Project object */;
			proxyType = 1;
			remoteGlobalIDString = E3E7D79827218903009D71F4;
			remoteInfo = IntentsExtension;
		};
/* End PBXContainerItemProxy section */

/* Begin PBXCopyFilesBuildPhase section */
		E3E7D7A327218903009D71F4 /* Embed App Extensions */ = {
			isa = PBXCopyFilesBuildPhase;
			buildActionMask = 2147483647;
			dstPath = "";
			dstSubfolderSpec = 13;
			files = (
				E3E7D7A227218903009D71F4 /* IntentsExtension.appex in Embed App Extensions */,
			);
			name = "Embed App Extensions";
			runOnlyForDeploymentPostprocessing = 0;
		};
/* End PBXCopyFilesBuildPhase section */

/* Begin PBXFileReference section */
		E38D432E263AAE8500701B82 /* SettingsScreen.swift */ = {isa = PBXFileReference; lastKnownFileType = sourcecode.swift; path = SettingsScreen.swift; sourceTree = "<group>"; };
		E38D4330263AAEA900701B82 /* Constants.swift */ = {isa = PBXFileReference; lastKnownFileType = sourcecode.swift; path = Constants.swift; sourceTree = "<group>"; };
		E38D4332263AB24E00701B82 /* Utilities.swift */ = {isa = PBXFileReference; lastKnownFileType = sourcecode.swift; path = Utilities.swift; sourceTree = "<group>"; };
		E38D4334263AEE3700701B82 /* ColorPickerScreen.swift */ = {isa = PBXFileReference; lastKnownFileType = sourcecode.swift; path = ColorPickerScreen.swift; sourceTree = "<group>"; };
		E390D733263B3C71005FCB34 /* AppState.swift */ = {isa = PBXFileReference; lastKnownFileType = sourcecode.swift; path = AppState.swift; sourceTree = "<group>"; };
		E390D735263C6ACD005FCB34 /* ColorPanel.swift */ = {isa = PBXFileReference; lastKnownFileType = sourcecode.swift; path = ColorPanel.swift; sourceTree = "<group>"; };
		E390D737263C74C2005FCB34 /* WelcomeScreen.swift */ = {isa = PBXFileReference; lastKnownFileType = sourcecode.swift; path = WelcomeScreen.swift; sourceTree = "<group>"; };
		E394C2F52642BE4C006B51CF /* InternetAccessPolicy.json */ = {isa = PBXFileReference; fileEncoding = 4; lastKnownFileType = text.json; path = InternetAccessPolicy.json; sourceTree = "<group>"; };
		E3A3B11925904E7B001B4D0C /* Color Picker.app */ = {isa = PBXFileReference; explicitFileType = wrapper.application; includeInIndex = 0; path = "Color Picker.app"; sourceTree = BUILT_PRODUCTS_DIR; };
		E3A3B11C25904E7B001B4D0C /* App.swift */ = {isa = PBXFileReference; lastKnownFileType = sourcecode.swift; path = App.swift; sourceTree = "<group>"; };
		E3A3B12025904E7D001B4D0C /* Assets.xcassets */ = {isa = PBXFileReference; lastKnownFileType = folder.assetcatalog; path = Assets.xcassets; sourceTree = "<group>"; };
		E3A3B12525904E7D001B4D0C /* Info.plist */ = {isa = PBXFileReference; lastKnownFileType = text.plist.xml; path = Info.plist; sourceTree = "<group>"; };
		E3A3B12625904E7D001B4D0C /* Color_Picker.entitlements */ = {isa = PBXFileReference; lastKnownFileType = text.plist.entitlements; path = Color_Picker.entitlements; sourceTree = "<group>"; };
		E3DFA8C82662514800D2623E /* Events.swift */ = {isa = PBXFileReference; lastKnownFileType = sourcecode.swift; path = Events.swift; sourceTree = "<group>"; };
		E3E7D79927218903009D71F4 /* IntentsExtension.appex */ = {isa = PBXFileReference; explicitFileType = "wrapper.app-extension"; includeInIndex = 0; path = IntentsExtension.appex; sourceTree = BUILT_PRODUCTS_DIR; };
		E3E7D79A27218903009D71F4 /* Intents.framework */ = {isa = PBXFileReference; lastKnownFileType = wrapper.framework; name = Intents.framework; path = System/Library/Frameworks/Intents.framework; sourceTree = SDKROOT; };
		E3E7D79D27218903009D71F4 /* IntentHandler.swift */ = {isa = PBXFileReference; lastKnownFileType = sourcecode.swift; path = IntentHandler.swift; sourceTree = "<group>"; };
		E3E7D79F27218903009D71F4 /* Info.plist */ = {isa = PBXFileReference; lastKnownFileType = text.plist.xml; path = Info.plist; sourceTree = "<group>"; };
		E3E7D7A72721892E009D71F4 /* IntentsExtension.entitlements */ = {isa = PBXFileReference; lastKnownFileType = text.plist.entitlements; path = IntentsExtension.entitlements; sourceTree = "<group>"; };
		E3E7D7A827218959009D71F4 /* Intents.intentdefinition */ = {isa = PBXFileReference; lastKnownFileType = file.intentdefinition; name = Intents.intentdefinition; path = "Color Picker/Intents.intentdefinition"; sourceTree = SOURCE_ROOT; };
		E3E7D7AB27218A50009D71F4 /* Config.xcconfig */ = {isa = PBXFileReference; lastKnownFileType = text.xcconfig; path = Config.xcconfig; sourceTree = "<group>"; };
/* End PBXFileReference section */

/* Begin PBXFrameworksBuildPhase section */
		E3A3B11625904E7B001B4D0C /* Frameworks */ = {
			isa = PBXFrameworksBuildPhase;
			buildActionMask = 2147483647;
			files = (
				E3F4BC872788A5780075DC52 /* Sentry in Frameworks */,
				E394DAAE263E95D900F5B042 /* LaunchAtLogin in Frameworks */,
				E394DAB2263E965500F5B042 /* KeyboardShortcuts in Frameworks */,
				E394DAAB263D73AD00F5B042 /* Regex in Frameworks */,
				E3F4BC892788A64F0075DC52 /* Defaults in Frameworks */,
			);
			runOnlyForDeploymentPostprocessing = 0;
		};
		E3E7D79627218903009D71F4 /* Frameworks */ = {
			isa = PBXFrameworksBuildPhase;
			buildActionMask = 2147483647;
			files = (
				E32CF5572793FACD002DDBC0 /* Defaults in Frameworks */,
				E3E7D7AE27218C8A009D71F4 /* Regex in Frameworks */,
				E3E7D79B27218903009D71F4 /* Intents.framework in Frameworks */,
			);
			runOnlyForDeploymentPostprocessing = 0;
		};
/* End PBXFrameworksBuildPhase section */

/* Begin PBXGroup section */
		E322B6DB26416E1100ABB691 /* Other */ = {
			isa = PBXGroup;
			children = (
				E3A3B12525904E7D001B4D0C /* Info.plist */,
				E3A3B12625904E7D001B4D0C /* Color_Picker.entitlements */,
				E394C2F52642BE4C006B51CF /* InternetAccessPolicy.json */,
			);
			name = Other;
			sourceTree = "<group>";
		};
		E394DAA6263D62E400F5B042 /* Frameworks */ = {
			isa = PBXGroup;
			children = (
				E3E7D79A27218903009D71F4 /* Intents.framework */,
			);
			name = Frameworks;
			sourceTree = "<group>";
		};
		E3A3B11025904E7B001B4D0C = {
			isa = PBXGroup;
			children = (
				E3E7D7AB27218A50009D71F4 /* Config.xcconfig */,
				E3A3B11B25904E7B001B4D0C /* Color Picker */,
				E3E7D79C27218903009D71F4 /* IntentsExtension */,
				E3A3B11A25904E7B001B4D0C /* Products */,
				E394DAA6263D62E400F5B042 /* Frameworks */,
			);
			sourceTree = "<group>";
		};
		E3A3B11A25904E7B001B4D0C /* Products */ = {
			isa = PBXGroup;
			children = (
				E3A3B11925904E7B001B4D0C /* Color Picker.app */,
				E3E7D79927218903009D71F4 /* IntentsExtension.appex */,
			);
			name = Products;
			sourceTree = "<group>";
		};
		E3A3B11B25904E7B001B4D0C /* Color Picker */ = {
			isa = PBXGroup;
			children = (
				E3A3B11C25904E7B001B4D0C /* App.swift */,
				E38D4330263AAEA900701B82 /* Constants.swift */,
				E390D733263B3C71005FCB34 /* AppState.swift */,
				E3DFA8C82662514800D2623E /* Events.swift */,
				E38D4334263AEE3700701B82 /* ColorPickerScreen.swift */,
				E390D735263C6ACD005FCB34 /* ColorPanel.swift */,
				E38D432E263AAE8500701B82 /* SettingsScreen.swift */,
				E390D737263C74C2005FCB34 /* WelcomeScreen.swift */,
				E38D4332263AB24E00701B82 /* Utilities.swift */,
				E3A3B12025904E7D001B4D0C /* Assets.xcassets */,
				E3E7D7A827218959009D71F4 /* Intents.intentdefinition */,
				E322B6DB26416E1100ABB691 /* Other */,
			);
			path = "Color Picker";
			sourceTree = "<group>";
		};
		E3E7D79C27218903009D71F4 /* IntentsExtension */ = {
			isa = PBXGroup;
			children = (
				E3E7D79D27218903009D71F4 /* IntentHandler.swift */,
				E3E7D7A72721892E009D71F4 /* IntentsExtension.entitlements */,
				E3E7D79F27218903009D71F4 /* Info.plist */,
			);
			path = IntentsExtension;
			sourceTree = "<group>";
		};
/* End PBXGroup section */

/* Begin PBXNativeTarget section */
		E3A3B11825904E7B001B4D0C /* Color Picker */ = {
			isa = PBXNativeTarget;
			buildConfigurationList = E3A3B12925904E7D001B4D0C /* Build configuration list for PBXNativeTarget "Color Picker" */;
			buildPhases = (
				E3E9F9AE2642B8F800AE6450 /* SwiftLint */,
				E3A3B11525904E7B001B4D0C /* Sources */,
				E3A3B11625904E7B001B4D0C /* Frameworks */,
				E3A3B11725904E7B001B4D0C /* Resources */,
				E394DAAF263E95E200F5B042 /* Copy “Launch at Login Helper” */,
				E3E7D7A327218903009D71F4 /* Embed App Extensions */,
			);
			buildRules = (
			);
			dependencies = (
				E3E7D7A127218903009D71F4 /* PBXTargetDependency */,
			);
			name = "Color Picker";
			packageProductDependencies = (
				E394DAAA263D73AD00F5B042 /* Regex */,
				E394DAAD263E95D900F5B042 /* LaunchAtLogin */,
				E394DAB1263E965500F5B042 /* KeyboardShortcuts */,
				E3F4BC862788A5780075DC52 /* Sentry */,
				E3F4BC882788A64F0075DC52 /* Defaults */,
			);
			productName = "Color Picker";
			productReference = E3A3B11925904E7B001B4D0C /* Color Picker.app */;
			productType = "com.apple.product-type.application";
		};
		E3E7D79827218903009D71F4 /* IntentsExtension */ = {
			isa = PBXNativeTarget;
			buildConfigurationList = E3E7D7A627218903009D71F4 /* Build configuration list for PBXNativeTarget "IntentsExtension" */;
			buildPhases = (
				E3E7D79527218903009D71F4 /* Sources */,
				E3E7D79627218903009D71F4 /* Frameworks */,
				E3E7D79727218903009D71F4 /* Resources */,
			);
			buildRules = (
			);
			dependencies = (
			);
			name = IntentsExtension;
			packageProductDependencies = (
				E3E7D7AD27218C8A009D71F4 /* Regex */,
				E32CF5562793FACD002DDBC0 /* Defaults */,
			);
			productName = IntentsExtension;
			productReference = E3E7D79927218903009D71F4 /* IntentsExtension.appex */;
			productType = "com.apple.product-type.app-extension";
		};
/* End PBXNativeTarget section */

/* Begin PBXProject section */
		E3A3B11125904E7B001B4D0C /* Project object */ = {
			isa = PBXProject;
			attributes = {
				LastSwiftUpdateCheck = 1310;
				LastUpgradeCheck = 1250;
				TargetAttributes = {
					E3A3B11825904E7B001B4D0C = {
						CreatedOnToolsVersion = 12.3;
					};
					E3E7D79827218903009D71F4 = {
						CreatedOnToolsVersion = 13.1;
					};
				};
			};
			buildConfigurationList = E3A3B11425904E7B001B4D0C /* Build configuration list for PBXProject "Color Picker" */;
			compatibilityVersion = "Xcode 13.0";
			developmentRegion = en;
			hasScannedForEncodings = 0;
			knownRegions = (
				en,
				Base,
			);
			mainGroup = E3A3B11025904E7B001B4D0C;
			packageReferences = (
				E3E14060259A0D97004FC89F /* XCRemoteSwiftPackageReference "Defaults" */,
				E394DAA9263D73AD00F5B042 /* XCRemoteSwiftPackageReference "Regex" */,
				E394DAAC263E95D900F5B042 /* XCRemoteSwiftPackageReference "LaunchAtLogin" */,
				E394DAB0263E965500F5B042 /* XCRemoteSwiftPackageReference "KeyboardShortcuts" */,
				E3F4BC852788A5780075DC52 /* XCRemoteSwiftPackageReference "sentry-cocoa" */,
			);
			productRefGroup = E3A3B11A25904E7B001B4D0C /* Products */;
			projectDirPath = "";
			projectRoot = "";
			targets = (
				E3A3B11825904E7B001B4D0C /* Color Picker */,
				E3E7D79827218903009D71F4 /* IntentsExtension */,
			);
		};
/* End PBXProject section */

/* Begin PBXResourcesBuildPhase section */
		E3A3B11725904E7B001B4D0C /* Resources */ = {
			isa = PBXResourcesBuildPhase;
			buildActionMask = 2147483647;
			files = (
				E394C2F62642BE4C006B51CF /* InternetAccessPolicy.json in Resources */,
				E3A3B12125904E7D001B4D0C /* Assets.xcassets in Resources */,
			);
			runOnlyForDeploymentPostprocessing = 0;
		};
		E3E7D79727218903009D71F4 /* Resources */ = {
			isa = PBXResourcesBuildPhase;
			buildActionMask = 2147483647;
			files = (
			);
			runOnlyForDeploymentPostprocessing = 0;
		};
/* End PBXResourcesBuildPhase section */

/* Begin PBXShellScriptBuildPhase section */
		E394DAAF263E95E200F5B042 /* Copy “Launch at Login Helper” */ = {
			isa = PBXShellScriptBuildPhase;
			buildActionMask = 2147483647;
			files = (
			);
			inputFileListPaths = (
			);
			inputPaths = (
			);
			name = "Copy “Launch at Login Helper”";
			outputFileListPaths = (
			);
			outputPaths = (
			);
			runOnlyForDeploymentPostprocessing = 0;
			shellPath = /bin/sh;
			shellScript = "\"${BUILT_PRODUCTS_DIR}/LaunchAtLogin_LaunchAtLogin.bundle/Contents/Resources/copy-helper-swiftpm.sh\"\n";
			showEnvVarsInLog = 0;
		};
		E3E9F9AE2642B8F800AE6450 /* SwiftLint */ = {
			isa = PBXShellScriptBuildPhase;
			buildActionMask = 2147483647;
			files = (
			);
			inputFileListPaths = (
			);
			inputPaths = (
			);
			name = SwiftLint;
			outputFileListPaths = (
			);
			outputPaths = (
			);
			runOnlyForDeploymentPostprocessing = 0;
			shellPath = /bin/sh;
			shellScript = "swiftlint\n";
			showEnvVarsInLog = 0;
		};
/* End PBXShellScriptBuildPhase section */

/* Begin PBXSourcesBuildPhase section */
		E3A3B11525904E7B001B4D0C /* Sources */ = {
			isa = PBXSourcesBuildPhase;
			buildActionMask = 2147483647;
			files = (
				E3A3B11D25904E7B001B4D0C /* App.swift in Sources */,
				E38D432F263AAE8500701B82 /* SettingsScreen.swift in Sources */,
				E38D4333263AB24E00701B82 /* Utilities.swift in Sources */,
				E390D738263C74C2005FCB34 /* WelcomeScreen.swift in Sources */,
				E390D734263B3C71005FCB34 /* AppState.swift in Sources */,
				E38D4331263AAEA900701B82 /* Constants.swift in Sources */,
				E3DFA8C92662514800D2623E /* Events.swift in Sources */,
				E390D736263C6ACD005FCB34 /* ColorPanel.swift in Sources */,
				E3E7D7A927218959009D71F4 /* Intents.intentdefinition in Sources */,
				E38D4335263AEE3700701B82 /* ColorPickerScreen.swift in Sources */,
			);
			runOnlyForDeploymentPostprocessing = 0;
		};
		E3E7D79527218903009D71F4 /* Sources */ = {
			isa = PBXSourcesBuildPhase;
			buildActionMask = 2147483647;
			files = (
				E3E7D7AC27218C03009D71F4 /* Utilities.swift in Sources */,
				E3E7D7AA27218959009D71F4 /* Intents.intentdefinition in Sources */,
				E3E7D79E27218903009D71F4 /* IntentHandler.swift in Sources */,
			);
			runOnlyForDeploymentPostprocessing = 0;
		};
/* End PBXSourcesBuildPhase section */

/* Begin PBXTargetDependency section */
		E3E7D7A127218903009D71F4 /* PBXTargetDependency */ = {
			isa = PBXTargetDependency;
			target = E3E7D79827218903009D71F4 /* IntentsExtension */;
			targetProxy = E3E7D7A027218903009D71F4 /* PBXContainerItemProxy */;
		};
/* End PBXTargetDependency section */

/* Begin XCBuildConfiguration section */
		E3A3B12725904E7D001B4D0C /* Debug */ = {
			isa = XCBuildConfiguration;
			baseConfigurationReference = E3E7D7AB27218A50009D71F4 /* Config.xcconfig */;
			buildSettings = {
				ALWAYS_SEARCH_USER_PATHS = NO;
				CLANG_ANALYZER_NONNULL = YES;
				CLANG_ANALYZER_NUMBER_OBJECT_CONVERSION = YES_AGGRESSIVE;
				CLANG_CXX_LANGUAGE_STANDARD = "gnu++14";
				CLANG_CXX_LIBRARY = "libc++";
				CLANG_ENABLE_MODULES = YES;
				CLANG_ENABLE_OBJC_ARC = YES;
				CLANG_ENABLE_OBJC_WEAK = YES;
				CLANG_WARN_BLOCK_CAPTURE_AUTORELEASING = YES;
				CLANG_WARN_BOOL_CONVERSION = YES;
				CLANG_WARN_COMMA = YES;
				CLANG_WARN_CONSTANT_CONVERSION = YES;
				CLANG_WARN_DEPRECATED_OBJC_IMPLEMENTATIONS = YES;
				CLANG_WARN_DIRECT_OBJC_ISA_USAGE = YES_ERROR;
				CLANG_WARN_DOCUMENTATION_COMMENTS = YES;
				CLANG_WARN_EMPTY_BODY = YES;
				CLANG_WARN_ENUM_CONVERSION = YES;
				CLANG_WARN_INFINITE_RECURSION = YES;
				CLANG_WARN_INT_CONVERSION = YES;
				CLANG_WARN_NON_LITERAL_NULL_CONVERSION = YES;
				CLANG_WARN_OBJC_IMPLICIT_RETAIN_SELF = YES;
				CLANG_WARN_OBJC_LITERAL_CONVERSION = YES;
				CLANG_WARN_OBJC_ROOT_CLASS = YES_ERROR;
				CLANG_WARN_QUOTED_INCLUDE_IN_FRAMEWORK_HEADER = YES;
				CLANG_WARN_RANGE_LOOP_ANALYSIS = YES;
				CLANG_WARN_STRICT_PROTOTYPES = YES;
				CLANG_WARN_SUSPICIOUS_MOVE = YES;
				CLANG_WARN_UNGUARDED_AVAILABILITY = YES_AGGRESSIVE;
				CLANG_WARN_UNREACHABLE_CODE = YES;
				CLANG_WARN__DUPLICATE_METHOD_MATCH = YES;
				COPY_PHASE_STRIP = NO;
				DEBUG_INFORMATION_FORMAT = dwarf;
				ENABLE_STRICT_OBJC_MSGSEND = YES;
				ENABLE_TESTABILITY = YES;
				GCC_C_LANGUAGE_STANDARD = gnu11;
				GCC_DYNAMIC_NO_PIC = NO;
				GCC_NO_COMMON_BLOCKS = YES;
				GCC_OPTIMIZATION_LEVEL = 0;
				GCC_PREPROCESSOR_DEFINITIONS = (
					"DEBUG=1",
					"$(inherited)",
				);
				GCC_WARN_64_TO_32_BIT_CONVERSION = YES;
				GCC_WARN_ABOUT_RETURN_TYPE = YES_ERROR;
				GCC_WARN_UNDECLARED_SELECTOR = YES;
				GCC_WARN_UNINITIALIZED_AUTOS = YES_AGGRESSIVE;
				GCC_WARN_UNUSED_FUNCTION = YES;
				GCC_WARN_UNUSED_VARIABLE = YES;
				MACOSX_DEPLOYMENT_TARGET = 11.5;
				MTL_ENABLE_DEBUG_INFO = INCLUDE_SOURCE;
				MTL_FAST_MATH = YES;
				ONLY_ACTIVE_ARCH = YES;
				SDKROOT = macosx;
				SWIFT_ACTIVE_COMPILATION_CONDITIONS = DEBUG;
				SWIFT_OPTIMIZATION_LEVEL = "-Onone";
				SWIFT_VERSION = 5.0;
			};
			name = Debug;
		};
		E3A3B12825904E7D001B4D0C /* Release */ = {
			isa = XCBuildConfiguration;
			baseConfigurationReference = E3E7D7AB27218A50009D71F4 /* Config.xcconfig */;
			buildSettings = {
				ALWAYS_SEARCH_USER_PATHS = NO;
				CLANG_ANALYZER_NONNULL = YES;
				CLANG_ANALYZER_NUMBER_OBJECT_CONVERSION = YES_AGGRESSIVE;
				CLANG_CXX_LANGUAGE_STANDARD = "gnu++14";
				CLANG_CXX_LIBRARY = "libc++";
				CLANG_ENABLE_MODULES = YES;
				CLANG_ENABLE_OBJC_ARC = YES;
				CLANG_ENABLE_OBJC_WEAK = YES;
				CLANG_WARN_BLOCK_CAPTURE_AUTORELEASING = YES;
				CLANG_WARN_BOOL_CONVERSION = YES;
				CLANG_WARN_COMMA = YES;
				CLANG_WARN_CONSTANT_CONVERSION = YES;
				CLANG_WARN_DEPRECATED_OBJC_IMPLEMENTATIONS = YES;
				CLANG_WARN_DIRECT_OBJC_ISA_USAGE = YES_ERROR;
				CLANG_WARN_DOCUMENTATION_COMMENTS = YES;
				CLANG_WARN_EMPTY_BODY = YES;
				CLANG_WARN_ENUM_CONVERSION = YES;
				CLANG_WARN_INFINITE_RECURSION = YES;
				CLANG_WARN_INT_CONVERSION = YES;
				CLANG_WARN_NON_LITERAL_NULL_CONVERSION = YES;
				CLANG_WARN_OBJC_IMPLICIT_RETAIN_SELF = YES;
				CLANG_WARN_OBJC_LITERAL_CONVERSION = YES;
				CLANG_WARN_OBJC_ROOT_CLASS = YES_ERROR;
				CLANG_WARN_QUOTED_INCLUDE_IN_FRAMEWORK_HEADER = YES;
				CLANG_WARN_RANGE_LOOP_ANALYSIS = YES;
				CLANG_WARN_STRICT_PROTOTYPES = YES;
				CLANG_WARN_SUSPICIOUS_MOVE = YES;
				CLANG_WARN_UNGUARDED_AVAILABILITY = YES_AGGRESSIVE;
				CLANG_WARN_UNREACHABLE_CODE = YES;
				CLANG_WARN__DUPLICATE_METHOD_MATCH = YES;
				COPY_PHASE_STRIP = NO;
				DEBUG_INFORMATION_FORMAT = "dwarf-with-dsym";
				ENABLE_NS_ASSERTIONS = NO;
				ENABLE_STRICT_OBJC_MSGSEND = YES;
				GCC_C_LANGUAGE_STANDARD = gnu11;
				GCC_NO_COMMON_BLOCKS = YES;
				GCC_WARN_64_TO_32_BIT_CONVERSION = YES;
				GCC_WARN_ABOUT_RETURN_TYPE = YES_ERROR;
				GCC_WARN_UNDECLARED_SELECTOR = YES;
				GCC_WARN_UNINITIALIZED_AUTOS = YES_AGGRESSIVE;
				GCC_WARN_UNUSED_FUNCTION = YES;
				GCC_WARN_UNUSED_VARIABLE = YES;
				MACOSX_DEPLOYMENT_TARGET = 11.5;
				MTL_ENABLE_DEBUG_INFO = NO;
				MTL_FAST_MATH = YES;
				SDKROOT = macosx;
				SWIFT_COMPILATION_MODE = wholemodule;
				SWIFT_OPTIMIZATION_LEVEL = "-O";
				SWIFT_VERSION = 5.0;
			};
			name = Release;
		};
		E3A3B12A25904E7D001B4D0C /* Debug */ = {
			isa = XCBuildConfiguration;
			buildSettings = {
				ALWAYS_EMBED_SWIFT_STANDARD_LIBRARIES = YES;
				ASSETCATALOG_COMPILER_APPICON_NAME = AppIcon;
				ASSETCATALOG_COMPILER_GLOBAL_ACCENT_COLOR_NAME = AccentColor;
				CODE_SIGN_ENTITLEMENTS = "Color Picker/Color_Picker.entitlements";
				CODE_SIGN_IDENTITY = "Apple Development";
				CODE_SIGN_STYLE = Automatic;
				COMBINE_HIDPI_IMAGES = YES;
				DEVELOPMENT_ASSET_PATHS = "";
				DEVELOPMENT_TEAM = YG56YK5RN5;
				ENABLE_HARDENED_RUNTIME = YES;
				ENABLE_PREVIEWS = YES;
				INFOPLIST_FILE = "Color Picker/Info.plist";
				LD_RUNPATH_SEARCH_PATHS = (
					"$(inherited)",
					"@executable_path/../Frameworks",
				);
				PRODUCT_BUNDLE_IDENTIFIER = "com.sindresorhus.Color-Picker";
				PRODUCT_NAME = "$(TARGET_NAME)";
				PROVISIONING_PROFILE_SPECIFIER = "";
			};
			name = Debug;
		};
		E3A3B12B25904E7D001B4D0C /* Release */ = {
			isa = XCBuildConfiguration;
			buildSettings = {
				ALWAYS_EMBED_SWIFT_STANDARD_LIBRARIES = YES;
				ASSETCATALOG_COMPILER_APPICON_NAME = AppIcon;
				ASSETCATALOG_COMPILER_GLOBAL_ACCENT_COLOR_NAME = AccentColor;
				CODE_SIGN_ENTITLEMENTS = "Color Picker/Color_Picker.entitlements";
				CODE_SIGN_IDENTITY = "Apple Development";
				CODE_SIGN_STYLE = Automatic;
				COMBINE_HIDPI_IMAGES = YES;
				DEVELOPMENT_ASSET_PATHS = "";
				DEVELOPMENT_TEAM = YG56YK5RN5;
				ENABLE_HARDENED_RUNTIME = YES;
				ENABLE_PREVIEWS = YES;
				INFOPLIST_FILE = "Color Picker/Info.plist";
				LD_RUNPATH_SEARCH_PATHS = (
					"$(inherited)",
					"@executable_path/../Frameworks",
				);
				PRODUCT_BUNDLE_IDENTIFIER = "com.sindresorhus.Color-Picker";
				PRODUCT_NAME = "$(TARGET_NAME)";
				PROVISIONING_PROFILE_SPECIFIER = "";
			};
			name = Release;
		};
		E3E7D7A427218903009D71F4 /* Debug */ = {
			isa = XCBuildConfiguration;
			buildSettings = {
				CLANG_CXX_LANGUAGE_STANDARD = "gnu++17";
				CODE_SIGN_ENTITLEMENTS = IntentsExtension/IntentsExtension.entitlements;
				CODE_SIGN_IDENTITY = "Apple Development";
				CODE_SIGN_STYLE = Automatic;
				DEVELOPMENT_TEAM = YG56YK5RN5;
				ENABLE_HARDENED_RUNTIME = YES;
				GENERATE_INFOPLIST_FILE = YES;
				INFOPLIST_FILE = IntentsExtension/Info.plist;
				INFOPLIST_KEY_CFBundleDisplayName = IntentsExtension;
				INFOPLIST_KEY_NSHumanReadableCopyright = "";
				LD_RUNPATH_SEARCH_PATHS = (
					"$(inherited)",
					"@executable_path/../Frameworks",
					"@executable_path/../../../../Frameworks",
				);
				MACOSX_DEPLOYMENT_TARGET = 12.0;
				PRODUCT_BUNDLE_IDENTIFIER = "com.sindresorhus.Color-Picker.IntentsExtension";
				PRODUCT_NAME = "$(TARGET_NAME)";
				SKIP_INSTALL = YES;
				SWIFT_ACTIVE_COMPILATION_CONDITIONS = "DEBUG APP_EXTENSION";
				SWIFT_EMIT_LOC_STRINGS = YES;
			};
			name = Debug;
		};
		E3E7D7A527218903009D71F4 /* Release */ = {
			isa = XCBuildConfiguration;
			buildSettings = {
				CLANG_CXX_LANGUAGE_STANDARD = "gnu++17";
				CODE_SIGN_ENTITLEMENTS = IntentsExtension/IntentsExtension.entitlements;
				CODE_SIGN_IDENTITY = "Apple Development";
				CODE_SIGN_STYLE = Automatic;
				DEVELOPMENT_TEAM = YG56YK5RN5;
				ENABLE_HARDENED_RUNTIME = YES;
				GENERATE_INFOPLIST_FILE = YES;
				INFOPLIST_FILE = IntentsExtension/Info.plist;
				INFOPLIST_KEY_CFBundleDisplayName = IntentsExtension;
				INFOPLIST_KEY_NSHumanReadableCopyright = "";
				LD_RUNPATH_SEARCH_PATHS = (
					"$(inherited)",
					"@executable_path/../Frameworks",
					"@executable_path/../../../../Frameworks",
				);
				MACOSX_DEPLOYMENT_TARGET = 12.0;
				PRODUCT_BUNDLE_IDENTIFIER = "com.sindresorhus.Color-Picker.IntentsExtension";
				PRODUCT_NAME = "$(TARGET_NAME)";
				SKIP_INSTALL = YES;
				SWIFT_ACTIVE_COMPILATION_CONDITIONS = APP_EXTENSION;
				SWIFT_EMIT_LOC_STRINGS = YES;
			};
			name = Release;
		};
/* End XCBuildConfiguration section */

/* Begin XCConfigurationList section */
		E3A3B11425904E7B001B4D0C /* Build configuration list for PBXProject "Color Picker" */ = {
			isa = XCConfigurationList;
			buildConfigurations = (
				E3A3B12725904E7D001B4D0C /* Debug */,
				E3A3B12825904E7D001B4D0C /* Release */,
			);
			defaultConfigurationIsVisible = 0;
			defaultConfigurationName = Release;
		};
		E3A3B12925904E7D001B4D0C /* Build configuration list for PBXNativeTarget "Color Picker" */ = {
			isa = XCConfigurationList;
			buildConfigurations = (
				E3A3B12A25904E7D001B4D0C /* Debug */,
				E3A3B12B25904E7D001B4D0C /* Release */,
			);
			defaultConfigurationIsVisible = 0;
			defaultConfigurationName = Release;
		};
		E3E7D7A627218903009D71F4 /* Build configuration list for PBXNativeTarget "IntentsExtension" */ = {
			isa = XCConfigurationList;
			buildConfigurations = (
				E3E7D7A427218903009D71F4 /* Debug */,
				E3E7D7A527218903009D71F4 /* Release */,
			);
			defaultConfigurationIsVisible = 0;
			defaultConfigurationName = Release;
		};
/* End XCConfigurationList section */

/* Begin XCRemoteSwiftPackageReference section */
		E394DAA9263D73AD00F5B042 /* XCRemoteSwiftPackageReference "Regex" */ = {
			isa = XCRemoteSwiftPackageReference;
			repositoryURL = "https://github.com/sindresorhus/Regex";
			requirement = {
				kind = upToNextMinorVersion;
				minimumVersion = 1.0.0;
			};
		};
		E394DAAC263E95D900F5B042 /* XCRemoteSwiftPackageReference "LaunchAtLogin" */ = {
			isa = XCRemoteSwiftPackageReference;
			repositoryURL = "https://github.com/sindresorhus/LaunchAtLogin";
			requirement = {
				kind = upToNextMajorVersion;
				minimumVersion = 4.2.0;
			};
		};
		E394DAB0263E965500F5B042 /* XCRemoteSwiftPackageReference "KeyboardShortcuts" */ = {
			isa = XCRemoteSwiftPackageReference;
			repositoryURL = "https://github.com/sindresorhus/KeyboardShortcuts";
			requirement = {
				kind = upToNextMajorVersion;
				minimumVersion = 1.3.0;
			};
		};
		E3E14060259A0D97004FC89F /* XCRemoteSwiftPackageReference "Defaults" */ = {
			isa = XCRemoteSwiftPackageReference;
			repositoryURL = "https://github.com/sindresorhus/Defaults";
			requirement = {
				kind = upToNextMajorVersion;
				minimumVersion = 6.2.0;
			};
		};
		E3F4BC852788A5780075DC52 /* XCRemoteSwiftPackageReference "sentry-cocoa" */ = {
			isa = XCRemoteSwiftPackageReference;
			repositoryURL = "https://github.com/getsentry/sentry-cocoa";
			requirement = {
				kind = upToNextMajorVersion;
				minimumVersion = 7.9.0;
			};
		};
/* End XCRemoteSwiftPackageReference section */

/* Begin XCSwiftPackageProductDependency section */
		E32CF5562793FACD002DDBC0 /* Defaults */ = {
			isa = XCSwiftPackageProductDependency;
			package = E3E14060259A0D97004FC89F /* XCRemoteSwiftPackageReference "Defaults" */;
			productName = Defaults;
		};
		E394DAAA263D73AD00F5B042 /* Regex */ = {
			isa = XCSwiftPackageProductDependency;
			package = E394DAA9263D73AD00F5B042 /* XCRemoteSwiftPackageReference "Regex" */;
			productName = Regex;
		};
		E394DAAD263E95D900F5B042 /* LaunchAtLogin */ = {
			isa = XCSwiftPackageProductDependency;
			package = E394DAAC263E95D900F5B042 /* XCRemoteSwiftPackageReference "LaunchAtLogin" */;
			productName = LaunchAtLogin;
		};
		E394DAB1263E965500F5B042 /* KeyboardShortcuts */ = {
			isa = XCSwiftPackageProductDependency;
			package = E394DAB0263E965500F5B042 /* XCRemoteSwiftPackageReference "KeyboardShortcuts" */;
			productName = KeyboardShortcuts;
		};
		E3E7D7AD27218C8A009D71F4 /* Regex */ = {
			isa = XCSwiftPackageProductDependency;
			package = E394DAA9263D73AD00F5B042 /* XCRemoteSwiftPackageReference "Regex" */;
			productName = Regex;
		};
		E3F4BC862788A5780075DC52 /* Sentry */ = {
			isa = XCSwiftPackageProductDependency;
			package = E3F4BC852788A5780075DC52 /* XCRemoteSwiftPackageReference "sentry-cocoa" */;
			productName = Sentry;
		};
		E3F4BC882788A64F0075DC52 /* Defaults */ = {
			isa = XCSwiftPackageProductDependency;
			package = E3E14060259A0D97004FC89F /* XCRemoteSwiftPackageReference "Defaults" */;
			productName = Defaults;
		};
/* End XCSwiftPackageProductDependency section */
	};
	rootObject = E3A3B11125904E7B001B4D0C /* Project object */;
}
